
Microsoft Visual Studio Solution File, Format Version 12.00
# Visual Studio 14
VisualStudioVersion = 14.0.25123.0
MinimumVisualStudioVersion = 10.0.40219.1
Project("{FAE04EC0-301F-11D3-BF4B-00C04F79EFBC}") = "WebApplication1", "WebApplication1\WebApplication1.csproj", "{55FF1B1D-4161-4512-8C95-B73BA92E6C05}"
EndProject
Project("{CC5FD16D-436D-48AD-A40C-5A424C6E3E79}") = "WebApplication1.Azure", "WebApplication1.Azure\WebApplication1.Azure.ccproj", "{78CF99C0-657D-4E9D-90A6-C04039931D9B}"
EndProject
Project("{FAE04EC0-301F-11D3-BF4B-00C04F79EFBC}") = "ConsoleApplication1", "ConsoleApplication1\ConsoleApplication1.csproj", "{7150FC39-DD4D-4A6C-A378-6257EE452942}"
EndProject
Global
	GlobalSection(SolutionConfigurationPlatforms) = preSolution
		Debug|Any CPU = Debug|Any CPU
		Release|Any CPU = Release|Any CPU
	EndGlobalSection
	GlobalSection(ProjectConfigurationPlatforms) = postSolution
		{55FF1B1D-4161-4512-8C95-B73BA92E6C05}.Debug|Any CPU.ActiveCfg = Debug|Any CPU
		{55FF1B1D-4161-4512-8C95-B73BA92E6C05}.Debug|Any CPU.Build.0 = Debug|Any CPU
		{55FF1B1D-4161-4512-8C95-B73BA92E6C05}.Release|Any CPU.ActiveCfg = Release|Any CPU
		{55FF1B1D-4161-4512-8C95-B73BA92E6C05}.Release|Any CPU.Build.0 = Release|Any CPU
		{78CF99C0-657D-4E9D-90A6-C04039931D9B}.Debug|Any CPU.ActiveCfg = Debug|Any CPU
		{78CF99C0-657D-4E9D-90A6-C04039931D9B}.Debug|Any CPU.Build.0 = Debug|Any CPU
		{78CF99C0-657D-4E9D-90A6-C04039931D9B}.Release|Any CPU.ActiveCfg = Release|Any CPU
		{78CF99C0-657D-4E9D-90A6-C04039931D9B}.Release|Any CPU.Build.0 = Release|Any CPU
		{7150FC39-DD4D-4A6C-A378-6257EE452942}.Debug|Any CPU.ActiveCfg = Debug|Any CPU
		{7150FC39-DD4D-4A6C-A378-6257EE452942}.Debug|Any CPU.Build.0 = Debug|Any CPU
		{7150FC39-DD4D-4A6C-A378-6257EE452942}.Release|Any CPU.ActiveCfg = Release|Any CPU
		{7150FC39-DD4D-4A6C-A378-6257EE452942}.Release|Any CPU.Build.0 = Release|Any CPU
	EndGlobalSection
	GlobalSection(SolutionProperties) = preSolution
		HideSolutionNode = FALSE
	EndGlobalSection
EndGlobal
