
Microsoft Visual Studio Solution File, Format Version 12.00
# Visual Studio 14
VisualStudioVersion = 14.0.25123.0
MinimumVisualStudioVersion = 10.0.40219.1
Project("{2150E333-8FDC-42A3-9474-1A3956D46DE8}") = "创建型", "创建型", "{D3C89C63-3003-41E7-836D-EBA9D7DC277A}"
EndProject
Project("{2150E333-8FDC-42A3-9474-1A3956D46DE8}") = "结构型", "结构型", "{FAC484A2-D399-4F33-8607-13AE64D80DB3}"
EndProject
Project("{2150E333-8FDC-42A3-9474-1A3956D46DE8}") = "行为型", "行为型", "{8DB32DC9-FE3A-4AC8-8C6E-9E3943970325}"
EndProject
Project("{FAE04EC0-301F-11D3-BF4B-00C04F79EFBC}") = "SingletonPattern.App.Bootstarp", "SingletonPattern.App.Bootstarp\SingletonPattern.App.Bootstarp.csproj", "{31D2F0C4-127B-4861-96CA-4CFC4FE9B410}"
EndProject
Project("{FAE04EC0-301F-11D3-BF4B-00C04F79EFBC}") = "AbstractFactory.App.Bootstarp", "AbstractFactory.App.Bootstarp\AbstractFactory.App.Bootstarp.csproj", "{06F0BC18-805C-434A-B49E-57FDDA64EB3B}"
EndProject
Project("{FAE04EC0-301F-11D3-BF4B-00C04F79EFBC}") = "FactoryMethod.App.Bootstarp", "FactoryMethod.App.Bootstarp\FactoryMethod.App.Bootstarp.csproj", "{C2E4C810-60BD-42FC-B619-61A6AF89D589}"
EndProject
Project("{FAE04EC0-301F-11D3-BF4B-00C04F79EFBC}") = "FactoryMethod.App.Bootstarp.Simple", "FactoryMethod.App.Bootstarp.Simple\FactoryMethod.App.Bootstarp.Simple.csproj", "{72A13936-E593-4947-90F8-C66D7D99478D}"
EndProject
Global
	GlobalSection(SolutionConfigurationPlatforms) = preSolution
		Debug|Any CPU = Debug|Any CPU
		Release|Any CPU = Release|Any CPU
	EndGlobalSection
	GlobalSection(ProjectConfigurationPlatforms) = postSolution
		{31D2F0C4-127B-4861-96CA-4CFC4FE9B410}.Debug|Any CPU.ActiveCfg = Debug|Any CPU
		{31D2F0C4-127B-4861-96CA-4CFC4FE9B410}.Debug|Any CPU.Build.0 = Debug|Any CPU
		{31D2F0C4-127B-4861-96CA-4CFC4FE9B410}.Release|Any CPU.ActiveCfg = Release|Any CPU
		{31D2F0C4-127B-4861-96CA-4CFC4FE9B410}.Release|Any CPU.Build.0 = Release|Any CPU
		{06F0BC18-805C-434A-B49E-57FDDA64EB3B}.Debug|Any CPU.ActiveCfg = Debug|Any CPU
		{06F0BC18-805C-434A-B49E-57FDDA64EB3B}.Debug|Any CPU.Build.0 = Debug|Any CPU
		{06F0BC18-805C-434A-B49E-57FDDA64EB3B}.Release|Any CPU.ActiveCfg = Release|Any CPU
		{06F0BC18-805C-434A-B49E-57FDDA64EB3B}.Release|Any CPU.Build.0 = Release|Any CPU
		{C2E4C810-60BD-42FC-B619-61A6AF89D589}.Debug|Any CPU.ActiveCfg = Debug|Any CPU
		{C2E4C810-60BD-42FC-B619-61A6AF89D589}.Debug|Any CPU.Build.0 = Debug|Any CPU
		{C2E4C810-60BD-42FC-B619-61A6AF89D589}.Release|Any CPU.ActiveCfg = Release|Any CPU
		{C2E4C810-60BD-42FC-B619-61A6AF89D589}.Release|Any CPU.Build.0 = Release|Any CPU
		{72A13936-E593-4947-90F8-C66D7D99478D}.Debug|Any CPU.ActiveCfg = Debug|Any CPU
		{72A13936-E593-4947-90F8-C66D7D99478D}.Debug|Any CPU.Build.0 = Debug|Any CPU
		{72A13936-E593-4947-90F8-C66D7D99478D}.Release|Any CPU.ActiveCfg = Release|Any CPU
		{72A13936-E593-4947-90F8-C66D7D99478D}.Release|Any CPU.Build.0 = Release|Any CPU
	EndGlobalSection
	GlobalSection(SolutionProperties) = preSolution
		HideSolutionNode = FALSE
	EndGlobalSection
	GlobalSection(NestedProjects) = preSolution
		{31D2F0C4-127B-4861-96CA-4CFC4FE9B410} = {D3C89C63-3003-41E7-836D-EBA9D7DC277A}
		{06F0BC18-805C-434A-B49E-57FDDA64EB3B} = {D3C89C63-3003-41E7-836D-EBA9D7DC277A}
		{C2E4C810-60BD-42FC-B619-61A6AF89D589} = {D3C89C63-3003-41E7-836D-EBA9D7DC277A}
		{72A13936-E593-4947-90F8-C66D7D99478D} = {D3C89C63-3003-41E7-836D-EBA9D7DC277A}
	EndGlobalSection
EndGlobal
